# This file is automatically @generated by Cargo.
# It is not intended for manual editing.
version = 3

[[package]]
name = "autocfg"
version = "1.1.0"
source = "registry+https://github.com/rust-lang/crates.io-index"
checksum = "d468802bab17cbc0cc575e9b053f41e72aa36bfa6b7f55e3529ffa43161b97fa"

[[package]]
name = "byteorder"
version = "1.2.1"
source = "registry+https://github.com/rust-lang/crates.io-index"
checksum = "652805b7e73fada9d85e9a6682a4abd490cb52d96aeecc12e33a0de34dfd0d23"

[[package]]
name = "bytes"
version = "0.4.6"
source = "registry+https://github.com/rust-lang/crates.io-index"
checksum = "1b7db437d718977f6dc9b2e3fd6fc343c02ac6b899b73fdd2179163447bd9ce9"
dependencies = [
 "byteorder",
 "iovec",
]

[[package]]
name = "cfg-if"
version = "0.1.2"
source = "registry+https://github.com/rust-lang/crates.io-index"
checksum = "d4c819a1287eb618df47cc647173c5c4c66ba19d888a6e50d605672aed3140de"

[[package]]
name = "futures"
version = "0.1.18"
source = "registry+https://github.com/rust-lang/crates.io-index"
checksum = "0bab5b5e94f5c31fc764ba5dd9ad16568aae5d4825538c01d6bca680c9bf94a7"

[[package]]
name = "futures-cpupool"
version = "0.1.8"
source = "registry+https://github.com/rust-lang/crates.io-index"
checksum = "ab90cde24b3319636588d0c35fe03b1333857621051837ed769faefb4c2162e4"
dependencies = [
 "futures",
 "num_cpus",
]

[[package]]
name = "futuros"
version = "0.1.0"
dependencies = [
 "futures",
 "futures-cpupool",
 "tokio",
 "tokio-io",
]

[[package]]
name = "iovec"
version = "0.1.2"
source = "registry+https://github.com/rust-lang/crates.io-index"
checksum = "dbe6e417e7d0975db6512b90796e8ce223145ac4e33c377e4a42882a0e88bb08"
dependencies = [
 "libc",
 "winapi",
]

[[package]]
name = "libc"
version = "0.2.39"
source = "registry+https://github.com/rust-lang/crates.io-index"
checksum = "f54263ad99207254cf58b5f701ecb432c717445ea2ee8af387334bdd1a03fdff"

[[package]]
name = "log"
version = "0.4.1"
source = "registry+https://github.com/rust-lang/crates.io-index"
checksum = "89f010e843f2b1a31dbd316b3b8d443758bc634bed37aabade59c686d644e0a2"
dependencies = [
 "cfg-if",
]

[[package]]
name = "num_cpus"
version = "1.8.0"
source = "registry+https://github.com/rust-lang/crates.io-index"
checksum = "c51a3322e4bca9d212ad9a158a02abc6934d005490c054a2778df73a70aa0a30"
dependencies = [
 "libc",
]

[[package]]
name = "pin-project-lite"
version = "0.2.9"
source = "registry+https://github.com/rust-lang/crates.io-index"
checksum = "e0a7ae3ac2f1173085d398531c705756c94a4c56843785df85a60c1a0afac116"

[[package]]
name = "tokio"
version = "1.8.4"
source = "registry+https://github.com/rust-lang/crates.io-index"
checksum = "50dae83881bc9b0403dd5b44ea9deed3e939856cc8722d5be37f0d6e5c6d53dd"
dependencies = [
 "autocfg",
 "pin-project-lite",
]

[[package]]
name = "tokio-io"
version = "0.1.6"
source = "registry+https://github.com/rust-lang/crates.io-index"
checksum = "6af9eb326f64b2d6b68438e1953341e00ab3cf54de7e35d92bfc73af8555313a"
dependencies = [
 "bytes",
 "futures",
 "log",
]

[[package]]
name = "winapi"
version = "0.2.8"
source = "registry+https://github.com/rust-lang/crates.io-index"
checksum = "167dc9d6949a9b857f3451275e911c3f44255842c1f7a76f33c55103a909087a"
